github.com/davecgh/go-spew v1.1.1 h1:vj9j/u1bqnvCEfJOwUhtlOARqs3+rkHYY13jYWTU97c=
github.com/liangjunmo/goutil v0.0.0-20240310074108-9e963975342d h1:tbCc0QXxNX8p+SuzmvbeGmADoz8JZj6qM+p2IJz4HMQ=
github.com/liangjunmo/goutil v0.0.0-20240310074108-9e963975342d/go.mod h1:BaLH3lHuBCBHWcNEmaeVDXxE1I63PtAj9+Mcg2jWvZ8=
github.com/pmezard/go-difflib v1.0.0 h1:4DBwDE0NGyQoBHbLQYPwSUPoCMWR5BEzIk/f1lZbAQM=
github.com/stretchr/testify v1.9.0 h1:HtqpIVDClZ4nwg75+f6Lvsy/wHu+3BoSGCbBAcpTsTg=
gopkg.in/yaml.v3 v3.0.1 h1:fxVm/GzAzEWqLHuvctI91KS9hhNmmWOoWu0XTYJS7CA=
